
Microsoft Visual Studio Solution File, Format Version 10.00
# Visual Studio 2008
Project("{8BC9CEB8-8B4A-11D0-8D11-00A0C91BC942}") = "FileCompress", "FileCompress\FileCompress.vcproj", "{17083466-1365-46B1-91D4-B830B13029BD}"
EndProject
Global
	GlobalSection(SolutionConfigurationPlatforms) = preSolution
		Debug|Win32 = Debug|Win32
		Release|Win32 = Release|Win32
	EndGlobalSection
	GlobalSection(ProjectConfigurationPlatforms) = postSolution
		{17083466-1365-46B1-91D4-B830B13029BD}.Debug|Win32.ActiveCfg = Debug|Win32
		{17083466-1365-46B1-91D4-B830B13029BD}.Debug|Win32.Build.0 = Debug|Win32
		{17083466-1365-46B1-91D4-B830B13029BD}.Release|Win32.ActiveCfg = Release|Win32
		{17083466-1365-46B1-91D4-B830B13029BD}.Release|Win32.Build.0 = Release|Win32
	EndGlobalSection
	GlobalSection(SolutionProperties) = preSolution
		HideSolutionNode = FALSE
	EndGlobalSection
EndGlobal
